
Microsoft Visual Studio Solution File, Format Version 12.00
# Visual Studio Version 16
VisualStudioVersion = 16.0.31702.278
MinimumVisualStudioVersion = 10.0.40219.1
Project("{FAE04EC0-301F-11D3-BF4B-00C04F79EFBC}") = "Day15HashTableUseCase2", "Day15HashTableUseCase2.csproj", "{9FE2F205-90AA-4ED7-9C28-EAD65368DDD7}"
EndProject
Global
	GlobalSection(SolutionConfigurationPlatforms) = preSolution
		Debug|Any CPU = Debug|Any CPU
		Release|Any CPU = Release|Any CPU
	EndGlobalSection
	GlobalSection(ProjectConfigurationPlatforms) = postSolution
		{9FE2F205-90AA-4ED7-9C28-EAD65368DDD7}.Debug|Any CPU.ActiveCfg = Debug|Any CPU
		{9FE2F205-90AA-4ED7-9C28-EAD65368DDD7}.Debug|Any CPU.Build.0 = Debug|Any CPU
		{9FE2F205-90AA-4ED7-9C28-EAD65368DDD7}.Release|Any CPU.ActiveCfg = Release|Any CPU
		{9FE2F205-90AA-4ED7-9C28-EAD65368DDD7}.Release|Any CPU.Build.0 = Release|Any CPU
	EndGlobalSection
	GlobalSection(SolutionProperties) = preSolution
		HideSolutionNode = FALSE
	EndGlobalSection
	GlobalSection(ExtensibilityGlobals) = postSolution
		SolutionGuid = {94A45234-37A9-4500-BB07-96DE2C0E3522}
	EndGlobalSection
EndGlobal
